// !$*UTF8*$!
{
	archiveVersion = 1;
	classes = {
	};
	objectVersion = 56;
	objects = {

/* Begin PBXBuildFile section */
		D60D789629FAB9D000151745 /* CardModel.swift in Sources */ = {isa = PBXBuildFile; fileRef = D60D789529FAB9D000151745 /* CardModel.swift */; };
		D60D789829FABC3500151745 /* Card.swift in Sources */ = {isa = PBXBuildFile; fileRef = D60D789729FABC3500151745 /* Card.swift */; };
		D60D789A29FAD75600151745 /* CardCollectionViewCell.swift in Sources */ = {isa = PBXBuildFile; fileRef = D60D789929FAD75600151745 /* CardCollectionViewCell.swift */; };
		D63070C62A0802AB001CD837 /* cardflip.wav in Resources */ = {isa = PBXBuildFile; fileRef = D63070C22A0802AB001CD837 /* cardflip.wav */; };
		D63070C72A0802AB001CD837 /* shuffle.wav in Resources */ = {isa = PBXBuildFile; fileRef = D63070C32A0802AB001CD837 /* shuffle.wav */; };
		D63070C82A0802AB001CD837 /* dingcorrect.wav in Resources */ = {isa = PBXBuildFile; fileRef = D63070C42A0802AB001CD837 /* dingcorrect.wav */; };
		D63070C92A0802AB001CD837 /* dingwrong.wav in Resources */ = {isa = PBXBuildFile; fileRef = D63070C52A0802AB001CD837 /* dingwrong.wav */; };
		D63070CB2A080372001CD837 /* SoundManager.swift in Sources */ = {isa = PBXBuildFile; fileRef = D63070CA2A080372001CD837 /* SoundManager.swift */; };
		D6461D2629F7C51D00954563 /* AppDelegate.swift in Sources */ = {isa = PBXBuildFile; fileRef = D6461D2529F7C51D00954563 /* AppDelegate.swift */; };
		D6461D2829F7C51D00954563 /* SceneDelegate.swift in Sources */ = {isa = PBXBuildFile; fileRef = D6461D2729F7C51D00954563 /* SceneDelegate.swift */; };
		D6461D2A29F7C51D00954563 /* ViewController.swift in Sources */ = {isa = PBXBuildFile; fileRef = D6461D2929F7C51D00954563 /* ViewController.swift */; };
		D6461D2D29F7C51D00954563 /* Main.storyboard in Resources */ = {isa = PBXBuildFile; fileRef = D6461D2B29F7C51D00954563 /* Main.storyboard */; };
		D6461D2F29F7C52300954563 /* Assets.xcassets in Resources */ = {isa = PBXBuildFile; fileRef = D6461D2E29F7C52300954563 /* Assets.xcassets */; };
		D6461D3229F7C52300954563 /* LaunchScreen.storyboard in Resources */ = {isa = PBXBuildFile; fileRef = D6461D3029F7C52300954563 /* LaunchScreen.storyboard */; };
/* End PBXBuildFile section */

/* Begin PBXFileReference section */
		D60D789529FAB9D000151745 /* CardModel.swift */ = {isa = PBXFileReference; lastKnownFileType = sourcecode.swift; path = CardModel.swift; sourceTree = "<group>"; };
		D60D789729FABC3500151745 /* Card.swift */ = {isa = PBXFileReference; lastKnownFileType = sourcecode.swift; path = Card.swift; sourceTree = "<group>"; };
		D60D789929FAD75600151745 /* CardCollectionViewCell.swift */ = {isa = PBXFileReference; lastKnownFileType = sourcecode.swift; path = CardCollectionViewCell.swift; sourceTree = "<group>"; };
		D63070C22A0802AB001CD837 /* cardflip.wav */ = {isa = PBXFileReference; lastKnownFileType = audio.wav; path = cardflip.wav; sourceTree = "<group>"; };
		D63070C32A0802AB001CD837 /* shuffle.wav */ = {isa = PBXFileReference; lastKnownFileType = audio.wav; path = shuffle.wav; sourceTree = "<group>"; };
		D63070C42A0802AB001CD837 /* dingcorrect.wav */ = {isa = PBXFileReference; lastKnownFileType = audio.wav; path = dingcorrect.wav; sourceTree = "<group>"; };
		D63070C52A0802AB001CD837 /* dingwrong.wav */ = {isa = PBXFileReference; lastKnownFileType = audio.wav; path = dingwrong.wav; sourceTree = "<group>"; };
		D63070CA2A080372001CD837 /* SoundManager.swift */ = {isa = PBXFileReference; lastKnownFileType = sourcecode.swift; path = SoundManager.swift; sourceTree = "<group>"; };
		D6461D2229F7C51D00954563 /* MatchApp.app */ = {isa = PBXFileReference; explicitFileType = wrapper.application; includeInIndex = 0; path = MatchApp.app; sourceTree = BUILT_PRODUCTS_DIR; };
		D6461D2529F7C51D00954563 /* AppDelegate.swift */ = {isa = PBXFileReference; lastKnownFileType = sourcecode.swift; path = AppDelegate.swift; sourceTree = "<group>"; };
		D6461D2729F7C51D00954563 /* SceneDelegate.swift */ = {isa = PBXFileReference; lastKnownFileType = sourcecode.swift; path = SceneDelegate.swift; sourceTree = "<group>"; };
		D6461D2929F7C51D00954563 /* ViewController.swift */ = {isa = PBXFileReference; lastKnownFileType = sourcecode.swift; path = ViewController.swift; sourceTree = "<group>"; };
		D6461D2C29F7C51D00954563 /* Base */ = {isa = PBXFileReference; lastKnownFileType = file.storyboard; name = Base; path = Base.lproj/Main.storyboard; sourceTree = "<group>"; };
		D6461D2E29F7C52300954563 /* Assets.xcassets */ = {isa = PBXFileReference; lastKnownFileType = folder.assetcatalog; path = Assets.xcassets; sourceTree = "<group>"; };
		D6461D3129F7C52300954563 /* Base */ = {isa = PBXFileReference; lastKnownFileType = file.storyboard; name = Base; path = Base.lproj/LaunchScreen.storyboard; sourceTree = "<group>"; };
		D6461D3329F7C52300954563 /* Info.plist */ = {isa = PBXFileReference; lastKnownFileType = text.plist.xml; path = Info.plist; sourceTree = "<group>"; };
/* End PBXFileReference section */

/* Begin PBXFrameworksBuildPhase section */
		D6461D1F29F7C51D00954563 /* Frameworks */ = {
			isa = PBXFrameworksBuildPhase;
			buildActionMask = 2147483647;
			files = (
			);
			runOnlyForDeploymentPostprocessing = 0;
		};
/* End PBXFrameworksBuildPhase section */

/* Begin PBXGroup section */
		D63070C12A08022A001CD837 /* Sounds */ = {
			isa = PBXGroup;
			children = (
				D63070C22A0802AB001CD837 /* cardflip.wav */,
				D63070C42A0802AB001CD837 /* dingcorrect.wav */,
				D63070C52A0802AB001CD837 /* dingwrong.wav */,
				D63070C32A0802AB001CD837 /* shuffle.wav */,
			);
			path = Sounds;
			sourceTree = "<group>";
		};
		D6461D1929F7C51D00954563 = {
			isa = PBXGroup;
			children = (
				D6461D2429F7C51D00954563 /* MatchApp */,
				D6461D2329F7C51D00954563 /* Products */,
			);
			sourceTree = "<group>";
		};
		D6461D2329F7C51D00954563 /* Products */ = {
			isa = PBXGroup;
			children = (
				D6461D2229F7C51D00954563 /* MatchApp.app */,
			);
			name = Products;
			sourceTree = "<group>";
		};
		D6461D2429F7C51D00954563 /* MatchApp */ = {
			isa = PBXGroup;
			children = (
				D63070C12A08022A001CD837 /* Sounds */,
				D6461D2529F7C51D00954563 /* AppDelegate.swift */,
				D6461D2729F7C51D00954563 /* SceneDelegate.swift */,
				D6461D2929F7C51D00954563 /* ViewController.swift */,
				D60D789729FABC3500151745 /* Card.swift */,
				D60D789529FAB9D000151745 /* CardModel.swift */,
				D60D789929FAD75600151745 /* CardCollectionViewCell.swift */,
				D63070CA2A080372001CD837 /* SoundManager.swift */,
				D6461D2B29F7C51D00954563 /* Main.storyboard */,
				D6461D2E29F7C52300954563 /* Assets.xcassets */,
				D6461D3029F7C52300954563 /* LaunchScreen.storyboard */,
				D6461D3329F7C52300954563 /* Info.plist */,
			);
			path = MatchApp;
			sourceTree = "<group>";
		};
/* End PBXGroup section */

/* Begin PBXNativeTarget section */
		D6461D2129F7C51D00954563 /* MatchApp */ = {
			isa = PBXNativeTarget;
			buildConfigurationList = D6461D3629F7C52300954563 /* Build configuration list for PBXNativeTarget "MatchApp" */;
			buildPhases = (
				D6461D1E29F7C51D00954563 /* Sources */,
				D6461D1F29F7C51D00954563 /* Frameworks */,
				D6461D2029F7C51D00954563 /* Resources */,
			);
			buildRules = (
			);
			dependencies = (
			);
			name = MatchApp;
			productName = MatchApp;
			productReference = D6461D2229F7C51D00954563 /* MatchApp.app */;
			productType = "com.apple.product-type.application";
		};
/* End PBXNativeTarget section */

/* Begin PBXProject section */
		D6461D1A29F7C51D00954563 /* Project object */ = {
			isa = PBXProject;
			attributes = {
				BuildIndependentTargetsInParallel = 1;
				LastSwiftUpdateCheck = 1420;
				LastUpgradeCheck = 1420;
				TargetAttributes = {
					D6461D2129F7C51D00954563 = {
						CreatedOnToolsVersion = 14.2;
					};
				};
			};
			buildConfigurationList = D6461D1D29F7C51D00954563 /* Build configuration list for PBXProject "MatchApp" */;
			compatibilityVersion = "Xcode 14.0";
			developmentRegion = en;
			hasScannedForEncodings = 0;
			knownRegions = (
				en,
				Base,
			);
			mainGroup = D6461D1929F7C51D00954563;
			productRefGroup = D6461D2329F7C51D00954563 /* Products */;
			projectDirPath = "";
			projectRoot = "";
			targets = (
				D6461D2129F7C51D00954563 /* MatchApp */,
			);
		};
/* End PBXProject section */

/* Begin PBXResourcesBuildPhase section */
		D6461D2029F7C51D00954563 /* Resources */ = {
			isa = PBXResourcesBuildPhase;
			buildActionMask = 2147483647;
			files = (
				D6461D3229F7C52300954563 /* LaunchScreen.storyboard in Resources */,
				D63070C92A0802AB001CD837 /* dingwrong.wav in Resources */,
				D63070C62A0802AB001CD837 /* cardflip.wav in Resources */,
				D6461D2F29F7C52300954563 /* Assets.xcassets in Resources */,
				D6461D2D29F7C51D00954563 /* Main.storyboard in Resources */,
				D63070C72A0802AB001CD837 /* shuffle.wav in Resources */,
				D63070C82A0802AB001CD837 /* dingcorrect.wav in Resources */,
			);
			runOnlyForDeploymentPostprocessing = 0;
		};
/* End PBXResourcesBuildPhase section */

/* Begin PBXSourcesBuildPhase section */
		D6461D1E29F7C51D00954563 /* Sources */ = {
			isa = PBXSourcesBuildPhase;
			buildActionMask = 2147483647;
			files = (
				D6461D2A29F7C51D00954563 /* ViewController.swift in Sources */,
				D60D789629FAB9D000151745 /* CardModel.swift in Sources */,
				D60D789829FABC3500151745 /* Card.swift in Sources */,
				D6461D2629F7C51D00954563 /* AppDelegate.swift in Sources */,
				D60D789A29FAD75600151745 /* CardCollectionViewCell.swift in Sources */,
				D63070CB2A080372001CD837 /* SoundManager.swift in Sources */,
				D6461D2829F7C51D00954563 /* SceneDelegate.swift in Sources */,
			);
			runOnlyForDeploymentPostprocessing = 0;
		};
/* End PBXSourcesBuildPhase section */

/* Begin PBXVariantGroup section */
		D6461D2B29F7C51D00954563 /* Main.storyboard */ = {
			isa = PBXVariantGroup;
			children = (
				D6461D2C29F7C51D00954563 /* Base */,
			);
			name = Main.storyboard;
			sourceTree = "<group>";
		};
		D6461D3029F7C52300954563 /* LaunchScreen.storyboard */ = {
			isa = PBXVariantGroup;
			children = (
				D6461D3129F7C52300954563 /* Base */,
			);
			name = LaunchScreen.storyboard;
			sourceTree = "<group>";
		};
/* End PBXVariantGroup section */

/* Begin XCBuildConfiguration section */
		D6461D3429F7C52300954563 /* Debug */ = {
			isa = XCBuildConfiguration;
			buildSettings = {
				ALWAYS_SEARCH_USER_PATHS = NO;
				CLANG_ANALYZER_NONNULL = YES;
				CLANG_ANALYZER_NUMBER_OBJECT_CONVERSION = YES_AGGRESSIVE;
				CLANG_CXX_LANGUAGE_STANDARD = "gnu++20";
				CLANG_ENABLE_MODULES = YES;
				CLANG_ENABLE_OBJC_ARC = YES;
				CLANG_ENABLE_OBJC_WEAK = YES;
				CLANG_WARN_BLOCK_CAPTURE_AUTORELEASING = YES;
				CLANG_WARN_BOOL_CONVERSION = YES;
				CLANG_WARN_COMMA = YES;
				CLANG_WARN_CONSTANT_CONVERSION = YES;
				CLANG_WARN_DEPRECATED_OBJC_IMPLEMENTATIONS = YES;
				CLANG_WARN_DIRECT_OBJC_ISA_USAGE = YES_ERROR;
				CLANG_WARN_DOCUMENTATION_COMMENTS = YES;
				CLANG_WARN_EMPTY_BODY = YES;
				CLANG_WARN_ENUM_CONVERSION = YES;
				CLANG_WARN_INFINITE_RECURSION = YES;
				CLANG_WARN_INT_CONVERSION = YES;
				CLANG_WARN_NON_LITERAL_NULL_CONVERSION = YES;
				CLANG_WARN_OBJC_IMPLICIT_RETAIN_SELF = YES;
				CLANG_WARN_OBJC_LITERAL_CONVERSION = YES;
				CLANG_WARN_OBJC_ROOT_CLASS = YES_ERROR;
				CLANG_WARN_QUOTED_INCLUDE_IN_FRAMEWORK_HEADER = YES;
				CLANG_WARN_RANGE_LOOP_ANALYSIS = YES;
				CLANG_WARN_STRICT_PROTOTYPES = YES;
				CLANG_WARN_SUSPICIOUS_MOVE = YES;
				CLANG_WARN_UNGUARDED_AVAILABILITY = YES_AGGRESSIVE;
				CLANG_WARN_UNREACHABLE_CODE = YES;
				CLANG_WARN__DUPLICATE_METHOD_MATCH = YES;
				COPY_PHASE_STRIP = NO;
				DEBUG_INFORMATION_FORMAT = dwarf;
				ENABLE_STRICT_OBJC_MSGSEND = YES;
				ENABLE_TESTABILITY = YES;
				GCC_C_LANGUAGE_STANDARD = gnu11;
				GCC_DYNAMIC_NO_PIC = NO;
				GCC_NO_COMMON_BLOCKS = YES;
				GCC_OPTIMIZATION_LEVEL = 0;
				GCC_PREPROCESSOR_DEFINITIONS = (
					"DEBUG=1",
					"$(inherited)",
				);
				GCC_WARN_64_TO_32_BIT_CONVERSION = YES;
				GCC_WARN_ABOUT_RETURN_TYPE = YES_ERROR;
				GCC_WARN_UNDECLARED_SELECTOR = YES;
				GCC_WARN_UNINITIALIZED_AUTOS = YES_AGGRESSIVE;
				GCC_WARN_UNUSED_FUNCTION = YES;
				GCC_WARN_UNUSED_VARIABLE = YES;
				IPHONEOS_DEPLOYMENT_TARGET = 16.2;
				MTL_ENABLE_DEBUG_INFO = INCLUDE_SOURCE;
				MTL_FAST_MATH = YES;
				ONLY_ACTIVE_ARCH = YES;
				SDKROOT = iphoneos;
				SWIFT_ACTIVE_COMPILATION_CONDITIONS = DEBUG;
				SWIFT_OPTIMIZATION_LEVEL = "-Onone";
			};
			name = Debug;
		};
		D6461D3529F7C52300954563 /* Release */ = {
			isa = XCBuildConfiguration;
			buildSettings = {
				ALWAYS_SEARCH_USER_PATHS = NO;
				CLANG_ANALYZER_NONNULL = YES;
				CLANG_ANALYZER_NUMBER_OBJECT_CONVERSION = YES_AGGRESSIVE;
				CLANG_CXX_LANGUAGE_STANDARD = "gnu++20";
				CLANG_ENABLE_MODULES = YES;
				CLANG_ENABLE_OBJC_ARC = YES;
				CLANG_ENABLE_OBJC_WEAK = YES;
				CLANG_WARN_BLOCK_CAPTURE_AUTORELEASING = YES;
				CLANG_WARN_BOOL_CONVERSION = YES;
				CLANG_WARN_COMMA = YES;
				CLANG_WARN_CONSTANT_CONVERSION = YES;
				CLANG_WARN_DEPRECATED_OBJC_IMPLEMENTATIONS = YES;
				CLANG_WARN_DIRECT_OBJC_ISA_USAGE = YES_ERROR;
				CLANG_WARN_DOCUMENTATION_COMMENTS = YES;
				CLANG_WARN_EMPTY_BODY = YES;
				CLANG_WARN_ENUM_CONVERSION = YES;
				CLANG_WARN_INFINITE_RECURSION = YES;
				CLANG_WARN_INT_CONVERSION = YES;
				CLANG_WARN_NON_LITERAL_NULL_CONVERSION = YES;
				CLANG_WARN_OBJC_IMPLICIT_RETAIN_SELF = YES;
				CLANG_WARN_OBJC_LITERAL_CONVERSION = YES;
				CLANG_WARN_OBJC_ROOT_CLASS = YES_ERROR;
				CLANG_WARN_QUOTED_INCLUDE_IN_FRAMEWORK_HEADER = YES;
				CLANG_WARN_RANGE_LOOP_ANALYSIS = YES;
				CLANG_WARN_STRICT_PROTOTYPES = YES;
				CLANG_WARN_SUSPICIOUS_MOVE = YES;
				CLANG_WARN_UNGUARDED_AVAILABILITY = YES_AGGRESSIVE;
				CLANG_WARN_UNREACHABLE_CODE = YES;
				CLANG_WARN__DUPLICATE_METHOD_MATCH = YES;
				COPY_PHASE_STRIP = NO;
				DEBUG_INFORMATION_FORMAT = "dwarf-with-dsym";
				ENABLE_NS_ASSERTIONS = NO;
				ENABLE_STRICT_OBJC_MSGSEND = YES;
				GCC_C_LANGUAGE_STANDARD = gnu11;
				GCC_NO_COMMON_BLOCKS = YES;
				GCC_WARN_64_TO_32_BIT_CONVERSION = YES;
				GCC_WARN_ABOUT_RETURN_TYPE = YES_ERROR;
				GCC_WARN_UNDECLARED_SELECTOR = YES;
				GCC_WARN_UNINITIALIZED_AUTOS = YES_AGGRESSIVE;
				GCC_WARN_UNUSED_FUNCTION = YES;
				GCC_WARN_UNUSED_VARIABLE = YES;
				IPHONEOS_DEPLOYMENT_TARGET = 16.2;
				MTL_ENABLE_DEBUG_INFO = NO;
				MTL_FAST_MATH = YES;
				SDKROOT = iphoneos;
				SWIFT_COMPILATION_MODE = wholemodule;
				SWIFT_OPTIMIZATION_LEVEL = "-O";
				VALIDATE_PRODUCT = YES;
			};
			name = Release;
		};
		D6461D3729F7C52300954563 /* Debug */ = {
			isa = XCBuildConfiguration;
			buildSettings = {
				ASSETCATALOG_COMPILER_APPICON_NAME = AppIcon;
				ASSETCATALOG_COMPILER_GLOBAL_ACCENT_COLOR_NAME = AccentColor;
				CODE_SIGN_STYLE = Automatic;
				CURRENT_PROJECT_VERSION = 1;
				DEVELOPMENT_TEAM = D63K7Z6NDJ;
				GENERATE_INFOPLIST_FILE = YES;
				INFOPLIST_FILE = MatchApp/Info.plist;
				INFOPLIST_KEY_UIApplicationSupportsIndirectInputEvents = YES;
				INFOPLIST_KEY_UILaunchStoryboardName = LaunchScreen;
				INFOPLIST_KEY_UIMainStoryboardFile = Main;
				INFOPLIST_KEY_UISupportedInterfaceOrientations = "UIInterfaceOrientationLandscapeLeft UIInterfaceOrientationLandscapeRight";
				INFOPLIST_KEY_UISupportedInterfaceOrientations_iPad = "UIInterfaceOrientationLandscapeLeft UIInterfaceOrientationLandscapeRight UIInterfaceOrientationPortrait UIInterfaceOrientationPortraitUpsideDown";
				LD_RUNPATH_SEARCH_PATHS = (
					"$(inherited)",
					"@executable_path/Frameworks",
				);
				MARKETING_VERSION = 1.0;
				PRODUCT_BUNDLE_IDENTIFIER = test.MatchApp;
				PRODUCT_NAME = "$(TARGET_NAME)";
				SWIFT_EMIT_LOC_STRINGS = YES;
				SWIFT_VERSION = 5.0;
				TARGETED_DEVICE_FAMILY = "1,2";
			};
			name = Debug;
		};
		D6461D3829F7C52300954563 /* Release */ = {
			isa = XCBuildConfiguration;
			buildSettings = {
				ASSETCATALOG_COMPILER_APPICON_NAME = AppIcon;
				ASSETCATALOG_COMPILER_GLOBAL_ACCENT_COLOR_NAME = AccentColor;
				CODE_SIGN_STYLE = Automatic;
				CURRENT_PROJECT_VERSION = 1;
				DEVELOPMENT_TEAM = D63K7Z6NDJ;
				GENERATE_INFOPLIST_FILE = YES;
				INFOPLIST_FILE = MatchApp/Info.plist;
				INFOPLIST_KEY_UIApplicationSupportsIndirectInputEvents = YES;
				INFOPLIST_KEY_UILaunchStoryboardName = LaunchScreen;
				INFOPLIST_KEY_UIMainStoryboardFile = Main;
				INFOPLIST_KEY_UISupportedInterfaceOrientations = "UIInterfaceOrientationLandscapeLeft UIInterfaceOrientationLandscapeRight";
				INFOPLIST_KEY_UISupportedInterfaceOrientations_iPad = "UIInterfaceOrientationLandscapeLeft UIInterfaceOrientationLandscapeRight UIInterfaceOrientationPortrait UIInterfaceOrientationPortraitUpsideDown";
				LD_RUNPATH_SEARCH_PATHS = (
					"$(inherited)",
					"@executable_path/Frameworks",
				);
				MARKETING_VERSION = 1.0;
				PRODUCT_BUNDLE_IDENTIFIER = test.MatchApp;
				PRODUCT_NAME = "$(TARGET_NAME)";
				SWIFT_EMIT_LOC_STRINGS = YES;
				SWIFT_VERSION = 5.0;
				TARGETED_DEVICE_FAMILY = "1,2";
			};
			name = Release;
		};
/* End XCBuildConfiguration section */

/* Begin XCConfigurationList section */
		D6461D1D29F7C51D00954563 /* Build configuration list for PBXProject "MatchApp" */ = {
			isa = XCConfigurationList;
			buildConfigurations = (
				D6461D3429F7C52300954563 /* Debug */,
				D6461D3529F7C52300954563 /* Release */,
			);
			defaultConfigurationIsVisible = 0;
			defaultConfigurationName = Release;
		};
		D6461D3629F7C52300954563 /* Build configuration list for PBXNativeTarget "MatchApp" */ = {
			isa = XCConfigurationList;
			buildConfigurations = (
				D6461D3729F7C52300954563 /* Debug */,
				D6461D3829F7C52300954563 /* Release */,
			);
			defaultConfigurationIsVisible = 0;
			defaultConfigurationName = Release;
		};
/* End XCConfigurationList section */
	};
	rootObject = D6461D1A29F7C51D00954563 /* Project object */;
}
